
Microsoft Visual Studio Solution File, Format Version 12.00
# Visual Studio Version 17
VisualStudioVersion = 17.11.35222.181
MinimumVisualStudioVersion = 10.0.40219.1
Project("{9A19103F-16F7-4668-BE54-9A1E7A4F7556}") = "EasyKart.Products", "EasyKart.Products\EasyKart.Products.csproj", "{418DD596-ECB4-4F56-89AA-3D78E8042A75}"
EndProject
Global
	GlobalSection(SolutionConfigurationPlatforms) = preSolution
		Debug|Any CPU = Debug|Any CPU
		Release|Any CPU = Release|Any CPU
	EndGlobalSection
	GlobalSection(ProjectConfigurationPlatforms) = postSolution
		{418DD596-ECB4-4F56-89AA-3D78E8042A75}.Debug|Any CPU.ActiveCfg = Debug|Any CPU
		{418DD596-ECB4-4F56-89AA-3D78E8042A75}.Debug|Any CPU.Build.0 = Debug|Any CPU
		{418DD596-ECB4-4F56-89AA-3D78E8042A75}.Release|Any CPU.ActiveCfg = Release|Any CPU
		{418DD596-ECB4-4F56-89AA-3D78E8042A75}.Release|Any CPU.Build.0 = Release|Any CPU
	EndGlobalSection
	GlobalSection(SolutionProperties) = preSolution
		HideSolutionNode = FALSE
	EndGlobalSection
	GlobalSection(ExtensibilityGlobals) = postSolution
		SolutionGuid = {546A7FDD-2AF8-48B5-B7D1-BB155A0922DE}
	EndGlobalSection
EndGlobal
